# THIS IS AN AUTOGENERATED FILE. DO NOT EDIT THIS FILE DIRECTLY.
# yarn lockfile v1


"@aws-sdk/client-lambda@^3.1014.0":
  version "3.1120.0"
  resolved "https://registry.yarnpkg.com/@aws-sdk/client-lambda/-/client-lambda-3.1120.0.tgz#3f1ceb4d7175c2b65c9f549095f7448fd0602d59"
  integrity sha512-Fs2f5458ZppIPAieXQMhE4PrDJ0Z7xMGoFgyGLcsmMUkK/UD4madPjlwc8J1qR71OaTX8zl3gAzuEgVJM9x6ew==
  dependencies:
    "@aws-sdk/core" "^3.977.9"
    "@aws-sdk/credential-provider-node" "^3.972.81"
    "@aws-sdk/types" "^3.974.5"
    "@smithy/core" "^3.33.3"
    "@smithy/fetch-http-handler" "^5.7.2"
    "@smithy/node-http-handler" "^4.11.3"
    "@smithy/types" "^4.17.2"
    tslib "^2.6.2"

"@aws-sdk/core@^3.977.9":
  version "3.977.9"
  resolved "https://registry.yarnpkg.com/@aws-sdk/core/-/core-3.977.9.tgz#c3d6b4bcce3df3c86831510f18bd2ce32172b136"
  integrity sha512-reqPFEQrZxDZpeGj4PFMepBeR5LGYHRqq/L0motTzgFkCRBA4rFdaVXDSLYyGHhxVz7sT2PDnPN9CluGSfgyJA==
  dependencies:
    "@aws-sdk/types" "^3.974.5"
    "@aws-sdk/xml-builder" "^3.972.40"
    "@aws/lambda-invoke-store" "^0.3.0"
    "@smithy/core" "^3.33.3"
    "@smithy/signature-v4" "^5.6.12"
    "@smithy/types" "^4.17.2"
    bowser "^2.11.0"
    tslib "^2.6.2"

"@aws-sdk/credential-provider-env@^3.972.70":
  version "3.972.70"
  resolved "https://registry.yarnpkg.com/@aws-sdk/credential-provider-env/-/credential-provider-env-3.972.70.tgz#631ef02069bae65ac7d58c6878a09a42c24cb485"
  integrity sha512-H404B7dJl2mCrBqahDEYsanB0xhdDp6tXnXcTUnXmmpy2Q3J0Ho0bUajZ2jr/RdwzCyS59Gi8xXIFwPLGBl6Uw==
  dependencies:
    "@aws-sdk/core" "^3.977.9"
    "@aws-sdk/types" "^3.974.5"
    "@smithy/core" "^3.33.3"
    "@smithy/types" "^4.17.2"
    tslib "^2.6.2"

"@aws-sdk/credential-provider-http@^3.972.72":
  version "3.972.72"
  resolved "https://registry.yarnpkg.com/@aws-sdk/credential-provider-http/-/credential-provider-http-3.972.72.tgz#9b737cc3879d900e703b219777e26d6bb542ffec"
  integrity sha512-X98zYOrVOeuosCX+6ktf29FC2N2GHPLia7qv6mzPzTc+RPAuHWCDS++Z6JK7eGYqb/v6uaW7bAXaOvDBfol+0w==
  dependencies:
    "@aws-sdk/core" "^3.977.9"
    "@aws-sdk/types" "^3.974.5"
    "@smithy/core" "^3.33.3"
    "@smithy/fetch-http-handler" "^5.7.2"
    "@smithy/node-http-handler" "^4.11.3"
    "@smithy/types" "^4.17.2"
    tslib "^2.6.2"

"@aws-sdk/credential-provider-ini@^3.973.15":
  version "3.973.15"
  resolved "https://registry.yarnpkg.com/@aws-sdk/credential-provider-ini/-/credential-provider-ini-3.973.15.tgz#e185c40ba6b3eec90bf3cf7c364c79f639b15cca"
  integrity sha512-Rykg6s5ceBuynMOGWgoowO4N+27JfnqXAnVaSunZl0hOO1XodSrxGNz6sCEbnmS0lAfQZDKyb3fbr46gSuv6Sg==
  dependencies:
    "@aws-sdk/core" "^3.977.9"
    "@aws-sdk/credential-provider-env" "^3.972.70"
    "@aws-sdk/credential-provider-http" "^3.972.72"
    "@aws-sdk/credential-provider-login" "^3.972.77"
    "@aws-sdk/credential-provider-process" "^3.972.70"
    "@aws-sdk/credential-provider-sso" "^3.973.14"
    "@aws-sdk/credential-provider-web-identity" "^3.972.76"
    "@aws-sdk/nested-clients" "^3.997.44"
    "@aws-sdk/types" "^3.974.5"
    "@smithy/core" "^3.33.3"
    "@smithy/credential-provider-imds" "^4.4.16"
    "@smithy/types" "^4.17.2"
    tslib "^2.6.2"

"@aws-sdk/credential-provider-login@^3.972.77":
  version "3.972.77"
  resolved "https://registry.yarnpkg.com/@aws-sdk/credential-provider-login/-/credential-provider-login-3.972.77.tgz#6ee6341077a6b920fc9322cfc37142a5b5bf2660"
  integrity sha512-Jb59xfEISoN5mmbnA+HYqdtrSX3CgCtJoof+V5D8/TgUI56W63GEEd5Y58WijU3Ou6+WEgaLD1feVzaRXV5IDQ==
  dependencies:
    "@aws-sdk/core" "^3.977.9"
    "@aws-sdk/nested-clients" "^3.997.44"
    "@aws-sdk/types" "^3.974.5"
    "@smithy/core" "^3.33.3"
    "@smithy/types" "^4.17.2"
    tslib "^2.6.2"

"@aws-sdk/credential-provider-node@^3.972.81":
  version "3.972.81"
  resolved "https://registry.yarnpkg.com/@aws-sdk/credential-provider-node/-/credential-provider-node-3.972.81.tgz#f803fd0627194e94d673416820577c38a2684b2e"
  integrity sha512-Rml+WitoFvXmv6JZ18U/xGdGDGGvB/mOin0ya0lTnTrdC0Z1lrVxTYh7iNklZBcvcRMrs4DoEf6xy1KWyrLQQw==
  dependencies:
    "@aws-sdk/credential-provider-env" "^3.972.70"
    "@aws-sdk/credential-provider-http" "^3.972.72"
    "@aws-sdk/credential-provider-ini" "^3.973.15"
    "@aws-sdk/credential-provider-process" "^3.972.70"
    "@aws-sdk/credential-provider-sso" "^3.973.14"
    "@aws-sdk/credential-provider-web-identity" "^3.972.76"
    "@aws-sdk/types" "^3.974.5"
    "@smithy/core" "^3.33.3"
    "@smithy/credential-provider-imds" "^4.4.16"
    "@smithy/types" "^4.17.2"
    tslib "^2.6.2"

"@aws-sdk/credential-provider-process@^3.972.70":
  version "3.972.70"
  resolved "https://registry.yarnpkg.com/@aws-sdk/credential-provider-process/-/credential-provider-process-3.972.70.tgz#ca9f5b334442e2ee04712840864563b89cdd5360"
  integrity sha512-2ry03fGRJr4sV3jI+ocjj5JqALnFD6ymM5KiNCDZMvq8bX2GSbE0vji4aM43TVCl2nXqqLRZaUxdq/KeWRAY4Q==
  dependencies:
    "@aws-sdk/core" "^3.977.9"
    "@aws-sdk/types" "^3.974.5"
    "@smithy/core" "^3.33.3"
    "@smithy/types" "^4.17.2"
    tslib "^2.6.2"

"@aws-sdk/credential-provider-sso@^3.973.14":
  version "3.973.14"
  resolved "https://registry.yarnpkg.com/@aws-sdk/credential-provider-sso/-/credential-provider-sso-3.973.14.tgz#064acc04b4d0ef5ae879f2c2633a33c5a9238dda"
  integrity sha512-jkhg/8ocAAoc0RFyLMhCw+/zZh7gystQgd4F4hznNa8P4Cc501PQmxd+jGLiMHodPJ+7Zv/3znM62gZojyasmA==
  dependencies:
    "@aws-sdk/core" "^3.977.9"
    "@aws-sdk/nested-clients" "^3.997.44"
    "@aws-sdk/token-providers" "3.1116.0"
    "@aws-sdk/types" "^3.974.5"
    "@smithy/core" "^3.33.3"
    "@smithy/types" "^4.17.2"
    tslib "^2.6.2"

"@aws-sdk/credential-provider-web-identity@^3.972.76":
  version "3.972.76"
  resolved "https://registry.yarnpkg.com/@aws-sdk/credential-provider-web-identity/-/credential-provider-web-identity-3.972.76.tgz#93a1913bfc7671008831cc80ba072470cba03bd1"
  integrity sha512-d3AGyVu759PGr35mEB2s22xxlNEA5rpdxtSPJthfPFJvoQ8dt357iVPECqWfUxXp1toJAvKmbtcIYVGigaGsCA==
  dependencies:
    "@aws-sdk/core" "^3.977.9"
    "@aws-sdk/nested-clients" "^3.997.44"
    "@aws-sdk/types" "^3.974.5"
    "@smithy/core" "^3.33.3"
    "@smithy/types" "^4.17.2"
    tslib "^2.6.2"

"@aws-sdk/nested-clients@^3.997.44":
  version "3.997.44"
  resolved "https://registry.yarnpkg.com/@aws-sdk/nested-clients/-/nested-clients-3.997.44.tgz#ba02b5e0b12b57be425a7306a8c7b82f5eec4e0f"
  integrity sha512-NhEgryjlBF9w38ZXqGymQV28IhkYa1mKhlbYnqIis57AYwWGVYfUPgg/qC2rLRqOUfblxx++irvju10kVTa8Vw==
  dependencies:
    "@aws-sdk/core" "^3.977.9"
    "@aws-sdk/signature-v4-multi-region" "^3.996.46"
    "@aws-sdk/types" "^3.974.5"
    "@smithy/core" "^3.33.3"
    "@smithy/fetch-http-handler" "^5.7.2"
    "@smithy/node-http-handler" "^4.11.3"
    "@smithy/types" "^4.17.2"
    tslib "^2.6.2"

"@aws-sdk/signature-v4-multi-region@^3.996.46":
  version "3.996.46"
  resolved "https://registry.yarnpkg.com/@aws-sdk/signature-v4-multi-region/-/signature-v4-multi-region-3.996.46.tgz#ee57afe5282da4b57968061ef8706d32890267ab"
  integrity sha512-L+2xZTye/2T96f3lwCws0Zw6GG2JHZW9e8FpVgGBeeExSKyeoZ6CWRpBml/7DNiK/O26jrgPM9F+Ay8VkgzUWQ==
  dependencies:
    "@aws-sdk/types" "^3.974.5"
    "@smithy/signature-v4" "^5.6.12"
    "@smithy/types" "^4.17.2"
    tslib "^2.6.2"

"@aws-sdk/token-providers@3.1116.0":
  version "3.1116.0"
  resolved "https://registry.yarnpkg.com/@aws-sdk/token-providers/-/token-providers-3.1116.0.tgz#79c23d5cfeaf63f13a49f25035e8954083e09b6a"
  integrity sha512-ygIivKqh8aHzNkucOCXHyIBgBpLPfrSI0mCqXF+vLBsPTUKqj0VSqAY0GFPe7lQl4HntjOcQ+KSyS7oUV2C54Q==
  dependencies:
    "@aws-sdk/core" "^3.977.9"
    "@aws-sdk/nested-clients" "^3.997.44"
    "@aws-sdk/types" "^3.974.5"
    "@smithy/core" "^3.33.3"
    "@smithy/types" "^4.17.2"
    tslib "^2.6.2"

"@aws-sdk/types@^3.974.5":
  version "3.974.5"
  resolved "https://registry.yarnpkg.com/@aws-sdk/types/-/types-3.974.5.tgz#a52691531738d191b8b3fd1ae7757c2eeec7afee"
  integrity sha512-LkwLL2BLbC6wNNm4JaH9mbEqBMdOZCct6VAYqhdN4U1xrWM+fUJQEfbHwQgDypapOWTRtlk25akb5afM0P8CIQ==
  dependencies:
    "@smithy/types" "^4.17.2"
    tslib "^2.6.2"

"@aws-sdk/xml-builder@^3.972.40":
  version "3.972.40"
  resolved "https://registry.yarnpkg.com/@aws-sdk/xml-builder/-/xml-builder-3.972.40.tgz#3cdb5f3400860ad91301aecb87fb5148a66d6ff7"
  integrity sha512-wlFmCIGUlwF4zx/kncw+bmxTQh1HeSJq4mYV/V5cZUSJadDP3kXvGW8Rn21cimj/7y9ju+47oYWXi97vF7czaA==
  dependencies:
    "@smithy/types" "^4.17.2"
    tslib "^2.6.2"

"@aws/durable-execution-sdk-js@2.3.0":
  version "2.3.0"
  resolved "https://registry.yarnpkg.com/@aws/durable-execution-sdk-js/-/durable-execution-sdk-js-2.3.0.tgz#44ee785d62ffb788fc7d3224bbfe457f5abd2936"
  integrity sha512-9ppdEpGQYDEMO6rRsO1rzgLAXMH7lXjTR6qaLabdJiefnekiT59Dna1uMLG2wL1JHol86z0caYt4pGqe5/0dNA==
  dependencies:
    "@aws-sdk/client-lambda" "^3.1014.0"

"@aws/lambda-invoke-store@^0.3.0":
  version "0.3.0"
  resolved "https://registry.yarnpkg.com/@aws/lambda-invoke-store/-/lambda-invoke-store-0.3.0.tgz#708802d987f8e17bdf4af4de1031660ce1cdd65f"
  integrity sha512-sl4Bm6yiMNYrZKkqqDFWN0UfnWhlS8ivKxrYl+6t0gCLrqr8y3B2IqZZbFRkfaVVp7C/baApyh71P+LeE1A2sQ==

"@smithy/core@^3.33.2", "@smithy/core@^3.33.3":
  version "3.33.3"
  resolved "https://registry.yarnpkg.com/@smithy/core/-/core-3.33.3.tgz#c1e801fe17160bcbf6c714cf16e832057e6bf79e"
  integrity sha512-CsOeKq/9kA3y6VJHt+/+VTCtBaxJ4OTFpgrjIUhPpDIKxBci1k2bJaQASF2h/ELWrulGp+t97DZ0mevfAD8idg==
  dependencies:
    "@smithy/types" "^4.17.2"
    tslib "^2.6.2"

"@smithy/credential-provider-imds@^4.4.16":
  version "4.5.2"
  resolved "https://registry.yarnpkg.com/@smithy/credential-provider-imds/-/credential-provider-imds-4.5.2.tgz#da3ea9636b5566b36b0761382d841a6d8fdde14f"
  integrity sha512-A9uSdn72ozbRUSit0eib0TW7nXuNPlaeM0zcGkJ+nE6tFcSDbnmtwoxbTCFBukVQcszDAyvsd7+rTduPTXpygg==
  dependencies:
    "@smithy/core" "^3.33.2"
    "@smithy/types" "^4.17.2"
    tslib "^2.6.2"

"@smithy/fetch-http-handler@^5.7.2":
  version "5.7.2"
  resolved "https://registry.yarnpkg.com/@smithy/fetch-http-handler/-/fetch-http-handler-5.7.2.tgz#29e95cd74fe91495225e26a60569617fecae48cc"
  integrity sha512-nZyWTmSpJEXl6VtWVMBJve/7x12DZu6sIX1z1a+ZMaHlQQRs9Zpu6NbTe/gmxYXVRpkjxyDYpZ5gx2IM6f/Wkw==
  dependencies:
    "@smithy/core" "^3.33.2"
    "@smithy/types" "^4.17.2"
    tslib "^2.6.2"

"@smithy/node-http-handler@^4.11.3":
  version "4.11.3"
  resolved "https://registry.yarnpkg.com/@smithy/node-http-handler/-/node-http-handler-4.11.3.tgz#27e91a61b6de8a13e9b552f22975d7dd369cb397"
  integrity sha512-2jY1tSpERfPfWqyBV2pH+iGFaghVsIJszJNsT7hxtQYhVJpWDyc0LqOWI+nXOxOAHaEfZ4PXXtp1wW1TGpHhkA==
  dependencies:
    "@smithy/core" "^3.33.3"
    "@smithy/types" "^4.17.2"
    tslib "^2.6.2"

"@smithy/signature-v4@^5.6.12":
  version "5.7.3"
  resolved "https://registry.yarnpkg.com/@smithy/signature-v4/-/signature-v4-5.7.3.tgz#76603bf1ac9aa44e1d2f4f358b0cc0cf84961e46"
  integrity sha512-7ImGm+FkHRLcBaRttIAMZ6bzJZWb2cJGoYjq46F2UjycujWzrL9GEN9h4w7eQyXJYnltrUhxbbieBAIRrdqpow==
  dependencies:
    "@smithy/core" "^3.33.3"
    "@smithy/types" "^4.17.2"
    tslib "^2.6.2"

"@smithy/types@^4.17.2":
  version "4.17.2"
  resolved "https://registry.yarnpkg.com/@smithy/types/-/types-4.17.2.tgz#ad71f6f62460a6409f0e8efc173e2e0f883ea4e6"
  integrity sha512-FOKpVZob9MPTn2znRzGrnsMHv7BOsKVw3XiP/cOyYLDVZ9qKp4nifIiSCuUU/fIj5Vu0UOAxCFr+qRAtG0NUkA==
  dependencies:
    tslib "^2.6.2"

bowser@^2.11.0:
  version "2.14.1"
  resolved "https://registry.yarnpkg.com/bowser/-/bowser-2.14.1.tgz#4ea39bf31e305184522d7ad7bfd91389e4f0cb79"
  integrity sha512-tzPjzCxygAKWFOJP011oxFHs57HzIhOEracIgAePE4pqB3LikALKnSzUyU4MGs9/iCEUuHlAJTjTc5M+u7YEGg==

tslib@^2.6.2:
  version "2.8.1"
  resolved "https://registry.yarnpkg.com/tslib/-/tslib-2.8.1.tgz#612efe4ed235d567e8aba5f2a5fab70280ade83f"
  integrity sha512-oJFu94HQb+KVduSUQL7wnpmqnfmLsOA/nAh6b6EH0wCEoK0/mPeXU6c3wKDV83MkOuHPRHtSXKKU99IBazS/2w==
